
Microsoft Visual Studio Solution File, Format Version 12.00
# Visual Studio Version 17
VisualStudioVersion = 17.14.36212.18 d17.14
MinimumVisualStudioVersion = 10.0.40219.1
Project("{FAE04EC0-301F-11D3-BF4B-00C04F79EFBC}") = "sithijaa", "sithijaa\sithijaa.csproj", "{232B7D6E-E670-4D21-A437-A9A6347A98FE}"
EndProject
Global
	GlobalSection(SolutionConfigurationPlatforms) = preSolution
		Debug|Any CPU = Debug|Any CPU
		Release|Any CPU = Release|Any CPU
	EndGlobalSection
	GlobalSection(ProjectConfigurationPlatforms) = postSolution
		{232B7D6E-E670-4D21-A437-A9A6347A98FE}.Debug|Any CPU.ActiveCfg = Debug|Any CPU
		{232B7D6E-E670-4D21-A437-A9A6347A98FE}.Debug|Any CPU.Build.0 = Debug|Any CPU
		{232B7D6E-E670-4D21-A437-A9A6347A98FE}.Release|Any CPU.ActiveCfg = Release|Any CPU
		{232B7D6E-E670-4D21-A437-A9A6347A98FE}.Release|Any CPU.Build.0 = Release|Any CPU
	EndGlobalSection
	GlobalSection(SolutionProperties) = preSolution
		HideSolutionNode = FALSE
	EndGlobalSection
	GlobalSection(ExtensibilityGlobals) = postSolution
		SolutionGuid = {D42160EA-3BD5-4CDA-B6D0-FD24617DDA4C}
	EndGlobalSection
EndGlobal
